// !$*UTF8*$!
{
	archiveVersion = 1;
	classes = {
	};
	objectVersion = 46;
	objects = {

/* Begin PBXBuildFile section */
		63F96C621E8A556200C85861 /* main.m in Sources */ = {isa = PBXBuildFile; fileRef = 63F96C611E8A556200C85861 /* main.m */; };
		63F96C651E8A556200C85861 /* AppDelegate.m in Sources */ = {isa = PBXBuildFile; fileRef = 63F96C641E8A556200C85861 /* AppDelegate.m */; };
		63F96C681E8A556200C85861 /* ViewController.m in Sources */ = {isa = PBXBuildFile; fileRef = 63F96C671E8A556200C85861 /* ViewController.m */; };
		63F96C6B1E8A556200C85861 /* Main.storyboard in Resources */ = {isa = PBXBuildFile; fileRef = 63F96C691E8A556200C85861 /* Main.storyboard */; };
		63F96C6D1E8A556200C85861 /* Assets.xcassets in Resources */ = {isa = PBXBuildFile; fileRef = 63F96C6C1E8A556200C85861 /* Assets.xcassets */; };
		63F96C701E8A556200C85861 /* LaunchScreen.storyboard in Resources */ = {isa = PBXBuildFile; fileRef = 63F96C6E1E8A556200C85861 /* LaunchScreen.storyboard */; };
		63F96C7B1E8A556200C85861 /* SevenseasMoneyTests.m in Sources */ = {isa = PBXBuildFile; fileRef = 63F96C7A1E8A556200C85861 /* SevenseasMoneyTests.m */; };
		63F96C861E8A556200C85861 /* SevenseasMoneyUITests.m in Sources */ = {isa = PBXBuildFile; fileRef = 63F96C851E8A556200C85861 /* SevenseasMoneyUITests.m */; };
/* End PBXBuildFile section */

/* Begin PBXContainerItemProxy section */
		63F96C771E8A556200C85861 /* PBXContainerItemProxy */ = {
			isa = PBXContainerItemProxy;
			containerPortal = 63F96C551E8A556200C85861 /* Project object */;
			proxyType = 1;
			remoteGlobalIDString = 63F96C5C1E8A556200C85861;
			remoteInfo = SevenseasMoney;
		};
		63F96C821E8A556200C85861 /* PBXContainerItemProxy */ = {
			isa = PBXContainerItemProxy;
			containerPortal = 63F96C551E8A556200C85861 /* Project object */;
			proxyType = 1;
			remoteGlobalIDString = 63F96C5C1E8A556200C85861;
			remoteInfo = SevenseasMoney;
		};
/* End PBXContainerItemProxy section */

/* Begin PBXFileReference section */
		63F96C5D1E8A556200C85861 /* SevenseasMoney.app */ = {isa = PBXFileReference; explicitFileType = wrapper.application; includeInIndex = 0; path = SevenseasMoney.app; sourceTree = BUILT_PRODUCTS_DIR; };
		63F96C611E8A556200C85861 /* main.m */ = {isa = PBXFileReference; lastKnownFileType = sourcecode.c.objc; path = main.m; sourceTree = "<group>"; };
		63F96C631E8A556200C85861 /* AppDelegate.h */ = {isa = PBXFileReference; lastKnownFileType = sourcecode.c.h; path = AppDelegate.h; sourceTree = "<group>"; };
		63F96C641E8A556200C85861 /* AppDelegate.m */ = {isa = PBXFileReference; lastKnownFileType = sourcecode.c.objc; path = AppDelegate.m; sourceTree = "<group>"; };
		63F96C661E8A556200C85861 /* ViewController.h */ = {isa = PBXFileReference; lastKnownFileType = sourcecode.c.h; path = ViewController.h; sourceTree = "<group>"; };
		63F96C671E8A556200C85861 /* ViewController.m */ = {isa = PBXFileReference; lastKnownFileType = sourcecode.c.objc; path = ViewController.m; sourceTree = "<group>"; };
		63F96C6A1E8A556200C85861 /* Base */ = {isa = PBXFileReference; lastKnownFileType = file.storyboard; name = Base; path = Base.lproj/Main.storyboard; sourceTree = "<group>"; };
		63F96C6C1E8A556200C85861 /* Assets.xcassets */ = {isa = PBXFileReference; lastKnownFileType = folder.assetcatalog; path = Assets.xcassets; sourceTree = "<group>"; };
		63F96C6F1E8A556200C85861 /* Base */ = {isa = PBXFileReference; lastKnownFileType = file.storyboard; name = Base; path = Base.lproj/LaunchScreen.storyboard; sourceTree = "<group>"; };
		63F96C711E8A556200C85861 /* Info.plist */ = {isa = PBXFileReference; lastKnownFileType = text.plist.xml; path = Info.plist; sourceTree = "<group>"; };
		63F96C761E8A556200C85861 /* SevenseasMoneyTests.xctest */ = {isa = PBXFileReference; explicitFileType = wrapper.cfbundle; includeInIndex = 0; path = SevenseasMoneyTests.xctest; sourceTree = BUILT_PRODUCTS_DIR; };
		63F96C7A1E8A556200C85861 /* SevenseasMoneyTests.m */ = {isa = PBXFileReference; lastKnownFileType = sourcecode.c.objc; path = SevenseasMoneyTests.m; sourceTree = "<group>"; };
		63F96C7C1E8A556200C85861 /* Info.plist */ = {isa = PBXFileReference; lastKnownFileType = text.plist.xml; path = Info.plist; sourceTree = "<group>"; };
		63F96C811E8A556200C85861 /* SevenseasMoneyUITests.xctest */ = {isa = PBXFileReference; explicitFileType = wrapper.cfbundle; includeInIndex = 0; path = SevenseasMoneyUITests.xctest; sourceTree = BUILT_PRODUCTS_DIR; };
		63F96C851E8A556200C85861 /* SevenseasMoneyUITests.m */ = {isa = PBXFileReference; lastKnownFileType = sourcecode.c.objc; path = SevenseasMoneyUITests.m; sourceTree = "<group>"; };
		63F96C871E8A556200C85861 /* Info.plist */ = {isa = PBXFileReference; lastKnownFileType = text.plist.xml; path = Info.plist; sourceTree = "<group>"; };
/* End PBXFileReference section */

/* Begin PBXFrameworksBuildPhase section */
		63F96C5A1E8A556200C85861 /* Frameworks */ = {
			isa = PBXFrameworksBuildPhase;
			buildActionMask = 2147483647;
			files = (
			);
			runOnlyForDeploymentPostprocessing = 0;
		};
		63F96C731E8A556200C85861 /* Frameworks */ = {
			isa = PBXFrameworksBuildPhase;
			buildActionMask = 2147483647;
			files = (
			);
			runOnlyForDeploymentPostprocessing = 0;
		};
		63F96C7E1E8A556200C85861 /* Frameworks */ = {
			isa = PBXFrameworksBuildPhase;
			buildActionMask = 2147483647;
			files = (
			);
			runOnlyForDeploymentPostprocessing = 0;
		};
/* End PBXFrameworksBuildPhase section */

/* Begin PBXGroup section */
		63F96C541E8A556200C85861 = {
			isa = PBXGroup;
			children = (
				63F96C5F1E8A556200C85861 /* SevenseasMoney */,
				63F96C791E8A556200C85861 /* SevenseasMoneyTests */,
				63F96C841E8A556200C85861 /* SevenseasMoneyUITests */,
				63F96C5E1E8A556200C85861 /* Products */,
			);
			sourceTree = "<group>";
		};
		63F96C5E1E8A556200C85861 /* Products */ = {
			isa = PBXGroup;
			children = (
				63F96C5D1E8A556200C85861 /* SevenseasMoney.app */,
				63F96C761E8A556200C85861 /* SevenseasMoneyTests.xctest */,
				63F96C811E8A556200C85861 /* SevenseasMoneyUITests.xctest */,
			);
			name = Products;
			sourceTree = "<group>";
		};
		63F96C5F1E8A556200C85861 /* SevenseasMoney */ = {
			isa = PBXGroup;
			children = (
				63F96C631E8A556200C85861 /* AppDelegate.h */,
				63F96C641E8A556200C85861 /* AppDelegate.m */,
				63F96C661E8A556200C85861 /* ViewController.h */,
				63F96C671E8A556200C85861 /* ViewController.m */,
				63F96C691E8A556200C85861 /* Main.storyboard */,
				63F96C6C1E8A556200C85861 /* Assets.xcassets */,
				63F96C6E1E8A556200C85861 /* LaunchScreen.storyboard */,
				63F96C711E8A556200C85861 /* Info.plist */,
				63F96C601E8A556200C85861 /* Supporting Files */,
			);
			path = SevenseasMoney;
			sourceTree = "<group>";
		};
		63F96C601E8A556200C85861 /* Supporting Files */ = {
			isa = PBXGroup;
			children = (
				63F96C611E8A556200C85861 /* main.m */,
			);
			name = "Supporting Files";
			sourceTree = "<group>";
		};
		63F96C791E8A556200C85861 /* SevenseasMoneyTests */ = {
			isa = PBXGroup;
			children = (
				63F96C7A1E8A556200C85861 /* SevenseasMoneyTests.m */,
				63F96C7C1E8A556200C85861 /* Info.plist */,
			);
			path = SevenseasMoneyTests;
			sourceTree = "<group>";
		};
		63F96C841E8A556200C85861 /* SevenseasMoneyUITests */ = {
			isa = PBXGroup;
			children = (
				63F96C851E8A556200C85861 /* SevenseasMoneyUITests.m */,
				63F96C871E8A556200C85861 /* Info.plist */,
			);
			path = SevenseasMoneyUITests;
			sourceTree = "<group>";
		};
/* End PBXGroup section */

/* Begin PBXNativeTarget section */
		63F96C5C1E8A556200C85861 /* SevenseasMoney */ = {
			isa = PBXNativeTarget;
			buildConfigurationList = 63F96C8A1E8A556200C85861 /* Build configuration list for PBXNativeTarget "SevenseasMoney" */;
			buildPhases = (
				63F96C591E8A556200C85861 /* Sources */,
				63F96C5A1E8A556200C85861 /* Frameworks */,
				63F96C5B1E8A556200C85861 /* Resources */,
			);
			buildRules = (
			);
			dependencies = (
			);
			name = SevenseasMoney;
			productName = SevenseasMoney;
			productReference = 63F96C5D1E8A556200C85861 /* SevenseasMoney.app */;
			productType = "com.apple.product-type.application";
		};
		63F96C751E8A556200C85861 /* SevenseasMoneyTests */ = {
			isa = PBXNativeTarget;
			buildConfigurationList = 63F96C8D1E8A556200C85861 /* Build configuration list for PBXNativeTarget "SevenseasMoneyTests" */;
			buildPhases = (
				63F96C721E8A556200C85861 /* Sources */,
				63F96C731E8A556200C85861 /* Frameworks */,
				63F96C741E8A556200C85861 /* Resources */,
			);
			buildRules = (
			);
			dependencies = (
				63F96C781E8A556200C85861 /* PBXTargetDependency */,
			);
			name = SevenseasMoneyTests;
			productName = SevenseasMoneyTests;
			productReference = 63F96C761E8A556200C85861 /* SevenseasMoneyTests.xctest */;
			productType = "com.apple.product-type.bundle.unit-test";
		};
		63F96C801E8A556200C85861 /* SevenseasMoneyUITests */ = {
			isa = PBXNativeTarget;
			buildConfigurationList = 63F96C901E8A556200C85861 /* Build configuration list for PBXNativeTarget "SevenseasMoneyUITests" */;
			buildPhases = (
				63F96C7D1E8A556200C85861 /* Sources */,
				63F96C7E1E8A556200C85861 /* Frameworks */,
				63F96C7F1E8A556200C85861 /* Resources */,
			);
			buildRules = (
			);
			dependencies = (
				63F96C831E8A556200C85861 /* PBXTargetDependency */,
			);
			name = SevenseasMoneyUITests;
			productName = SevenseasMoneyUITests;
			productReference = 63F96C811E8A556200C85861 /* SevenseasMoneyUITests.xctest */;
			productType = "com.apple.product-type.bundle.ui-testing";
		};
/* End PBXNativeTarget section */

/* Begin PBXProject section */
		63F96C551E8A556200C85861 /* Project object */ = {
			isa = PBXProject;
			attributes = {
				LastUpgradeCheck = 0820;
				ORGANIZATIONNAME = "Limra Technosys Pvt Ltd";
				TargetAttributes = {
					63F96C5C1E8A556200C85861 = {
						CreatedOnToolsVersion = 8.2.1;
						DevelopmentTeam = 8UL927Y5Z6;
						ProvisioningStyle = Automatic;
					};
					63F96C751E8A556200C85861 = {
						CreatedOnToolsVersion = 8.2.1;
						DevelopmentTeam = 8UL927Y5Z6;
						ProvisioningStyle = Automatic;
						TestTargetID = 63F96C5C1E8A556200C85861;
					};
					63F96C801E8A556200C85861 = {
						CreatedOnToolsVersion = 8.2.1;
						DevelopmentTeam = 8UL927Y5Z6;
						ProvisioningStyle = Automatic;
						TestTargetID = 63F96C5C1E8A556200C85861;
					};
				};
			};
			buildConfigurationList = 63F96C581E8A556200C85861 /* Build configuration list for PBXProject "SevenseasMoney" */;
			compatibilityVersion = "Xcode 3.2";
			developmentRegion = English;
			hasScannedForEncodings = 0;
			knownRegions = (
				en,
				Base,
			);
			mainGroup = 63F96C541E8A556200C85861;
			productRefGroup = 63F96C5E1E8A556200C85861 /* Products */;
			projectDirPath = "";
			projectRoot = "";
			targets = (
				63F96C5C1E8A556200C85861 /* SevenseasMoney */,
				63F96C751E8A556200C85861 /* SevenseasMoneyTests */,
				63F96C801E8A556200C85861 /* SevenseasMoneyUITests */,
			);
		};
/* End PBXProject section */

/* Begin PBXResourcesBuildPhase section */
		63F96C5B1E8A556200C85861 /* Resources */ = {
			isa = PBXResourcesBuildPhase;
			buildActionMask = 2147483647;
			files = (
				63F96C701E8A556200C85861 /* LaunchScreen.storyboard in Resources */,
				63F96C6D1E8A556200C85861 /* Assets.xcassets in Resources */,
				63F96C6B1E8A556200C85861 /* Main.storyboard in Resources */,
			);
			runOnlyForDeploymentPostprocessing = 0;
		};
		63F96C741E8A556200C85861 /* Resources */ = {
			isa = PBXResourcesBuildPhase;
			buildActionMask = 2147483647;
			files = (
			);
			runOnlyForDeploymentPostprocessing = 0;
		};
		63F96C7F1E8A556200C85861 /* Resources */ = {
			isa = PBXResourcesBuildPhase;
			buildActionMask = 2147483647;
			files = (
			);
			runOnlyForDeploymentPostprocessing = 0;
		};
/* End PBXResourcesBuildPhase section */

/* Begin PBXSourcesBuildPhase section */
		63F96C591E8A556200C85861 /* Sources */ = {
			isa = PBXSourcesBuildPhase;
			buildActionMask = 2147483647;
			files = (
				63F96C681E8A556200C85861 /* ViewController.m in Sources */,
				63F96C651E8A556200C85861 /* AppDelegate.m in Sources */,
				63F96C621E8A556200C85861 /* main.m in Sources */,
			);
			runOnlyForDeploymentPostprocessing = 0;
		};
		63F96C721E8A556200C85861 /* Sources */ = {
			isa = PBXSourcesBuildPhase;
			buildActionMask = 2147483647;
			files = (
				63F96C7B1E8A556200C85861 /* SevenseasMoneyTests.m in Sources */,
			);
			runOnlyForDeploymentPostprocessing = 0;
		};
		63F96C7D1E8A556200C85861 /* Sources */ = {
			isa = PBXSourcesBuildPhase;
			buildActionMask = 2147483647;
			files = (
				63F96C861E8A556200C85861 /* SevenseasMoneyUITests.m in Sources */,
			);
			runOnlyForDeploymentPostprocessing = 0;
		};
/* End PBXSourcesBuildPhase section */

/* Begin PBXTargetDependency section */
		63F96C781E8A556200C85861 /* PBXTargetDependency */ = {
			isa = PBXTargetDependency;
			target = 63F96C5C1E8A556200C85861 /* SevenseasMoney */;
			targetProxy = 63F96C771E8A556200C85861 /* PBXContainerItemProxy */;
		};
		63F96C831E8A556200C85861 /* PBXTargetDependency */ = {
			isa = PBXTargetDependency;
			target = 63F96C5C1E8A556200C85861 /* SevenseasMoney */;
			targetProxy = 63F96C821E8A556200C85861 /* PBXContainerItemProxy */;
		};
/* End PBXTargetDependency section */

/* Begin PBXVariantGroup section */
		63F96C691E8A556200C85861 /* Main.storyboard */ = {
			isa = PBXVariantGroup;
			children = (
				63F96C6A1E8A556200C85861 /* Base */,
			);
			name = Main.storyboard;
			sourceTree = "<group>";
		};
		63F96C6E1E8A556200C85861 /* LaunchScreen.storyboard */ = {
			isa = PBXVariantGroup;
			children = (
				63F96C6F1E8A556200C85861 /* Base */,
			);
			name = LaunchScreen.storyboard;
			sourceTree = "<group>";
		};
/* End PBXVariantGroup section */

/* Begin XCBuildConfiguration section */
		63F96C881E8A556200C85861 /* Debug */ = {
			isa = XCBuildConfiguration;
			buildSettings = {
				ALWAYS_SEARCH_USER_PATHS = NO;
				CLANG_ANALYZER_NONNULL = YES;
				CLANG_CXX_LANGUAGE_STANDARD = "gnu++0x";
				CLANG_CXX_LIBRARY = "libc++";
				CLANG_ENABLE_MODULES = YES;
				CLANG_ENABLE_OBJC_ARC = YES;
				CLANG_WARN_BOOL_CONVERSION = YES;
				CLANG_WARN_CONSTANT_CONVERSION = YES;
				CLANG_WARN_DIRECT_OBJC_ISA_USAGE = YES_ERROR;
				CLANG_WARN_DOCUMENTATION_COMMENTS = YES;
				CLANG_WARN_EMPTY_BODY = YES;
				CLANG_WARN_ENUM_CONVERSION = YES;
				CLANG_WARN_INFINITE_RECURSION = YES;
				CLANG_WARN_INT_CONVERSION = YES;
				CLANG_WARN_OBJC_ROOT_CLASS = YES_ERROR;
				CLANG_WARN_SUSPICIOUS_MOVE = YES;
				CLANG_WARN_UNREACHABLE_CODE = YES;
				CLANG_WARN__DUPLICATE_METHOD_MATCH = YES;
				"CODE_SIGN_IDENTITY[sdk=iphoneos*]" = "iPhone Developer";
				COPY_PHASE_STRIP = NO;
				DEBUG_INFORMATION_FORMAT = dwarf;
				ENABLE_STRICT_OBJC_MSGSEND = YES;
				ENABLE_TESTABILITY = YES;
				GCC_C_LANGUAGE_STANDARD = gnu99;
				GCC_DYNAMIC_NO_PIC = NO;
				GCC_NO_COMMON_BLOCKS = YES;
				GCC_OPTIMIZATION_LEVEL = 0;
				GCC_PREPROCESSOR_DEFINITIONS = (
					"DEBUG=1",
					"$(inherited)",
				);
				GCC_WARN_64_TO_32_BIT_CONVERSION = YES;
				GCC_WARN_ABOUT_RETURN_TYPE = YES_ERROR;
				GCC_WARN_UNDECLARED_SELECTOR = YES;
				GCC_WARN_UNINITIALIZED_AUTOS = YES_AGGRESSIVE;
				GCC_WARN_UNUSED_FUNCTION = YES;
				GCC_WARN_UNUSED_VARIABLE = YES;
				IPHONEOS_DEPLOYMENT_TARGET = 10.2;
				MTL_ENABLE_DEBUG_INFO = YES;
				ONLY_ACTIVE_ARCH = YES;
				SDKROOT = iphoneos;
				TARGETED_DEVICE_FAMILY = "1,2";
			};
			name = Debug;
		};
		63F96C891E8A556200C85861 /* Release */ = {
			isa = XCBuildConfiguration;
			buildSettings = {
				ALWAYS_SEARCH_USER_PATHS = NO;
				CLANG_ANALYZER_NONNULL = YES;
				CLANG_CXX_LANGUAGE_STANDARD = "gnu++0x";
				CLANG_CXX_LIBRARY = "libc++";
				CLANG_ENABLE_MODULES = YES;
				CLANG_ENABLE_OBJC_ARC = YES;
				CLANG_WARN_BOOL_CONVERSION = YES;
				CLANG_WARN_CONSTANT_CONVERSION = YES;
				CLANG_WARN_DIRECT_OBJC_ISA_USAGE = YES_ERROR;
				CLANG_WARN_DOCUMENTATION_COMMENTS = YES;
				CLANG_WARN_EMPTY_BODY = YES;
				CLANG_WARN_ENUM_CONVERSION = YES;
				CLANG_WARN_INFINITE_RECURSION = YES;
				CLANG_WARN_INT_CONVERSION = YES;
				CLANG_WARN_OBJC_ROOT_CLASS = YES_ERROR;
				CLANG_WARN_SUSPICIOUS_MOVE = YES;
				CLANG_WARN_UNREACHABLE_CODE = YES;
				CLANG_WARN__DUPLICATE_METHOD_MATCH = YES;
				"CODE_SIGN_IDENTITY[sdk=iphoneos*]" = "iPhone Developer";
				COPY_PHASE_STRIP = NO;
				DEBUG_INFORMATION_FORMAT = "dwarf-with-dsym";
				ENABLE_NS_ASSERTIONS = NO;
				ENABLE_STRICT_OBJC_MSGSEND = YES;
				GCC_C_LANGUAGE_STANDARD = gnu99;
				GCC_NO_COMMON_BLOCKS = YES;
				GCC_WARN_64_TO_32_BIT_CONVERSION = YES;
				GCC_WARN_ABOUT_RETURN_TYPE = YES_ERROR;
				GCC_WARN_UNDECLARED_SELECTOR = YES;
				GCC_WARN_UNINITIALIZED_AUTOS = YES_AGGRESSIVE;
				GCC_WARN_UNUSED_FUNCTION = YES;
				GCC_WARN_UNUSED_VARIABLE = YES;
				IPHONEOS_DEPLOYMENT_TARGET = 10.2;
				MTL_ENABLE_DEBUG_INFO = NO;
				SDKROOT = iphoneos;
				TARGETED_DEVICE_FAMILY = "1,2";
				VALIDATE_PRODUCT = YES;
			};
			name = Release;
		};
		63F96C8B1E8A556200C85861 /* Debug */ = {
			isa = XCBuildConfiguration;
			buildSettings = {
				ASSETCATALOG_COMPILER_APPICON_NAME = AppIcon;
				DEVELOPMENT_TEAM = 8UL927Y5Z6;
				INFOPLIST_FILE = SevenseasMoney/Info.plist;
				LD_RUNPATH_SEARCH_PATHS = "$(inherited) @executable_path/Frameworks";
				PRODUCT_BUNDLE_IDENTIFIER = com.practice.map.SevenseasMoney;
				PRODUCT_NAME = "$(TARGET_NAME)";
			};
			name = Debug;
		};
		63F96C8C1E8A556200C85861 /* Release */ = {
			isa = XCBuildConfiguration;
			buildSettings = {
				ASSETCATALOG_COMPILER_APPICON_NAME = AppIcon;
				DEVELOPMENT_TEAM = 8UL927Y5Z6;
				INFOPLIST_FILE = SevenseasMoney/Info.plist;
				LD_RUNPATH_SEARCH_PATHS = "$(inherited) @executable_path/Frameworks";
				PRODUCT_BUNDLE_IDENTIFIER = com.practice.map.SevenseasMoney;
				PRODUCT_NAME = "$(TARGET_NAME)";
			};
			name = Release;
		};
		63F96C8E1E8A556200C85861 /* Debug */ = {
			isa = XCBuildConfiguration;
			buildSettings = {
				BUNDLE_LOADER = "$(TEST_HOST)";
				DEVELOPMENT_TEAM = 8UL927Y5Z6;
				INFOPLIST_FILE = SevenseasMoneyTests/Info.plist;
				LD_RUNPATH_SEARCH_PATHS = "$(inherited) @executable_path/Frameworks @loader_path/Frameworks";
				PRODUCT_BUNDLE_IDENTIFIER = com.practice.map.SevenseasMoneyTests;
				PRODUCT_NAME = "$(TARGET_NAME)";
				TEST_HOST = "$(BUILT_PRODUCTS_DIR)/SevenseasMoney.app/SevenseasMoney";
			};
			name = Debug;
		};
		63F96C8F1E8A556200C85861 /* Release */ = {
			isa = XCBuildConfiguration;
			buildSettings = {
				BUNDLE_LOADER = "$(TEST_HOST)";
				DEVELOPMENT_TEAM = 8UL927Y5Z6;
				INFOPLIST_FILE = SevenseasMoneyTests/Info.plist;
				LD_RUNPATH_SEARCH_PATHS = "$(inherited) @executable_path/Frameworks @loader_path/Frameworks";
				PRODUCT_BUNDLE_IDENTIFIER = com.practice.map.SevenseasMoneyTests;
				PRODUCT_NAME = "$(TARGET_NAME)";
				TEST_HOST = "$(BUILT_PRODUCTS_DIR)/SevenseasMoney.app/SevenseasMoney";
			};
			name = Release;
		};
		63F96C911E8A556200C85861 /* Debug */ = {
			isa = XCBuildConfiguration;
			buildSettings = {
				DEVELOPMENT_TEAM = 8UL927Y5Z6;
				INFOPLIST_FILE = SevenseasMoneyUITests/Info.plist;
				LD_RUNPATH_SEARCH_PATHS = "$(inherited) @executable_path/Frameworks @loader_path/Frameworks";
				PRODUCT_BUNDLE_IDENTIFIER = com.practice.map.SevenseasMoneyUITests;
				PRODUCT_NAME = "$(TARGET_NAME)";
				TEST_TARGET_NAME = SevenseasMoney;
			};
			name = Debug;
		};
		63F96C921E8A556200C85861 /* Release */ = {
			isa = XCBuildConfiguration;
			buildSettings = {
				DEVELOPMENT_TEAM = 8UL927Y5Z6;
				INFOPLIST_FILE = SevenseasMoneyUITests/Info.plist;
				LD_RUNPATH_SEARCH_PATHS = "$(inherited) @executable_path/Frameworks @loader_path/Frameworks";
				PRODUCT_BUNDLE_IDENTIFIER = com.practice.map.SevenseasMoneyUITests;
				PRODUCT_NAME = "$(TARGET_NAME)";
				TEST_TARGET_NAME = SevenseasMoney;
			};
			name = Release;
		};
/* End XCBuildConfiguration section */

/* Begin XCConfigurationList section */
		63F96C581E8A556200C85861 /* Build configuration list for PBXProject "SevenseasMoney" */ = {
			isa = XCConfigurationList;
			buildConfigurations = (
				63F96C881E8A556200C85861 /* Debug */,
				63F96C891E8A556200C85861 /* Release */,
			);
			defaultConfigurationIsVisible = 0;
			defaultConfigurationName = Release;
		};
		63F96C8A1E8A556200C85861 /* Build configuration list for PBXNativeTarget "SevenseasMoney" */ = {
			isa = XCConfigurationList;
			buildConfigurations = (
				63F96C8B1E8A556200C85861 /* Debug */,
				63F96C8C1E8A556200C85861 /* Release */,
			);
			defaultConfigurationIsVisible = 0;
		};
		63F96C8D1E8A556200C85861 /* Build configuration list for PBXNativeTarget "SevenseasMoneyTests" */ = {
			isa = XCConfigurationList;
			buildConfigurations = (
				63F96C8E1E8A556200C85861 /* Debug */,
				63F96C8F1E8A556200C85861 /* Release */,
			);
			defaultConfigurationIsVisible = 0;
		};
		63F96C901E8A556200C85861 /* Build configuration list for PBXNativeTarget "SevenseasMoneyUITests" */ = {
			isa = XCConfigurationList;
			buildConfigurations = (
				63F96C911E8A556200C85861 /* Debug */,
				63F96C921E8A556200C85861 /* Release */,
			);
			defaultConfigurationIsVisible = 0;
		};
/* End XCConfigurationList section */
	};
	rootObject = 63F96C551E8A556200C85861 /* Project object */;
}
